hash: c0672364024d535d4d103295fb363398e31e8a1acd8e8978d26f8157031b5a37
updated: 2017-01-26T15:05:39.492049318-08:00
imports:
- name: github.com/asaskevich/govalidator
  version: fdf19785fd3558d619ef81212f5edf1d6c2a5911
- name: github.com/buger/goterm
  version: cc3942e537b1ab00de92d348c40acbfa6565d20f
- name: github.com/BurntSushi/toml
  version: bbd5bb678321a0d6e58f1099321dfa73391c1b6f
- name: github.com/cenkalti/backoff
  version: b02f2bbce11d7ea6b97f282ef1771b0fe2f65ef3
- name: github.com/go-openapi/analysis
  version: d5a75b7d751ca3f11ad5d93cfe97405f2c3f6a47
- name: github.com/go-openapi/errors
  version: fc3f73a224499b047eda7191e5d22e1e9631e86f
- name: github.com/go-openapi/jsonpointer
  version: 779f45308c19820f1a69e9a4cd965f496e0da10f
- name: github.com/go-openapi/jsonreference
  version: 36d33bfe519efae5632669801b180bf1a245da3b
- name: github.com/go-openapi/loads
  version: 6bb6486231e079ea125c0f39994ed3d0c53399ed
  subpackages:
  - fmts
- name: github.com/go-openapi/runtime
  version: 3b13ebb46790d871d74a6c2450fa4b1280f90854
  subpackages:
  - client
- name: github.com/go-openapi/spec
  version: e072eb2390d3a03736a6eb617d30f48369160447
- name: github.com/go-openapi/strfmt
  version: 0cb3db44c13bad3b3f567b762a66751972a310cc
- name: github.com/go-openapi/swag
  version: 96d7b9ebd181a1735a1c9ac87914f2b32fbf56c9
- name: github.com/go-openapi/validate
  version: 035dcd74f1f61e83debe1c22950dc53556e7e4b2
- name: github.com/inconshreveable/mousetrap
  version: 76626ae9c91c4f2a10f34cad8ce83ea42c93bb75
- name: github.com/mailru/easyjson
  version: cc9fc679cf2c79747fcbf73eed4e3c0f23d9ee14
  subpackages:
  - jlexer
  - jwriter
  - buffer
- name: github.com/mitchellh/go-homedir
  version: b8bc1bf767474819792c23f32d8286a45736f1c6
- name: github.com/mitchellh/mapstructure
  version: db1efb556f84b25a0a13a04aad883943538ad2e0
- name: github.com/netlify/open-api
  version: ce3d822d1073bc08387df6759e7c5954fc1a93d0
  subpackages:
  - go/models
  - go/porcelain
  - go/porcelain/context
  - go/plumbing
  - go/plumbing/operations
- name: github.com/PuerkitoBio/purell
  version: 0bcb03f4b4d0a9428594752bd2a3b9aa0a9d4bd4
- name: github.com/PuerkitoBio/urlesc
  version: 5bd2802263f21d8788851d5305584c82a5c75d7e
- name: github.com/Sirupsen/logrus
  version: d26492970760ca5d33129d2d799e34be5c4782eb
- name: github.com/skratchdot/open-golang
  version: 75fb7ed4208cf72d323d7d02fd1a5964a7a9073c
  subpackages:
  - open
- name: github.com/spf13/cobra
  version: c29ece4386f74084680e5e6d02d7b943ae630f63
- name: github.com/spf13/pflag
  version: a9a634f3de0a7529baded7ad6b0c7467d5c6eca7
- name: golang.org/x/net
  version: f2499483f923065a842d38eb4c7f1927e6fc6e6d
  subpackages:
  - context
  - context/ctxhttp
  - idna
- name: golang.org/x/sys
  version: d75a52659825e75fff6158388dddc6a5b04f9ba5
  subpackages:
  - unix
- name: golang.org/x/text
  version: ece019dcfd29abcf65d0d1dfe145e8faad097640
  subpackages:
  - unicode/norm
  - width
  - transform
- name: gopkg.in/yaml.v2
  version: 4c78c975fe7c825c6d1466c42be594d1d6f3aba6
testImports: []
